
Microsoft Visual Studio Solution File, Format Version 12.00
# Visual Studio Version 17
VisualStudioVersion = 17.11.35312.102
MinimumVisualStudioVersion = 10.0.40219.1
Project("{FAE04EC0-301F-11D3-BF4B-00C04F79EFBC}") = "BeggarsStealer_Road96_Mod", "BeggarsStealer_Road96_Mod\BeggarsStealer_Road96_Mod.csproj", "{BB4CA338-BD3E-40D3-9B0E-4E387DDF5C5D}"
EndProject
Global
	GlobalSection(SolutionConfigurationPlatforms) = preSolution
		Debug|Any CPU = Debug|Any CPU
		Release|Any CPU = Release|Any CPU
	EndGlobalSection
	GlobalSection(ProjectConfigurationPlatforms) = postSolution
		{BB4CA338-BD3E-40D3-9B0E-4E387DDF5C5D}.Debug|Any CPU.ActiveCfg = Debug|Any CPU
		{BB4CA338-BD3E-40D3-9B0E-4E387DDF5C5D}.Debug|Any CPU.Build.0 = Debug|Any CPU
		{BB4CA338-BD3E-40D3-9B0E-4E387DDF5C5D}.Release|Any CPU.ActiveCfg = Release|Any CPU
		{BB4CA338-BD3E-40D3-9B0E-4E387DDF5C5D}.Release|Any CPU.Build.0 = Release|Any CPU
	EndGlobalSection
	GlobalSection(SolutionProperties) = preSolution
		HideSolutionNode = FALSE
	EndGlobalSection
	GlobalSection(ExtensibilityGlobals) = postSolution
		SolutionGuid = {46490C7E-543A-4CDE-A651-0F99583B91BC}
	EndGlobalSection
EndGlobal
